<?xml version="1.0" encoding="utf-8"?>
<Project ToolsVersion="4.0" xmlns="http://schemas.microsoft.com/developer/msbuild/2003">
  <ItemGroup>
    <ClInclude Include="Src\Vendor\stb_image.h">
      <Filter>Src\Vendor</Filter>
    </ClInclude>
    <ClInclude Include="Src\Algs\Printing.h">
      <Filter>Src\Algs</Filter>
    </ClInclude>
    <ClInclude Include="Src\Algs\Sorting.h">
      <Filter>Src\Algs</Filter>
    </ClInclude>
    <ClInclude Include="Src\Algs\Swapping.h">
      <Filter>Src\Algs</Filter>
    </ClInclude>
    <ClInclude Include="Src\Core.h">
      <Filter>Src</Filter>
    </ClInclude>
    <ClInclude Include="Src\Engine.h">
      <Filter>Src</Filter>
    </ClInclude>
    <ClInclude Include="Src\SDPs\Singleton.h">
      <Filter>Src\SDPs</Filter>
    </ClInclude>
    <ClInclude Include="Src\App\API.h">
      <Filter>Src\App</Filter>
    </ClInclude>
    <ClInclude Include="Src\App\Callback.h">
      <Filter>Src\App</Filter>
    </ClInclude>
    <ClInclude Include="Src\App\Global.h">
      <Filter>Src\App</Filter>
    </ClInclude>
  </ItemGroup>
  <ItemGroup>
    <ClCompile Include="Src\Vendor\glad.c">
      <Filter>Src\Vendor</Filter>
    </ClCompile>
    <ClCompile Include="Src\Engine.cpp">
      <Filter>Src</Filter>
    </ClCompile>
  </ItemGroup>
  <ItemGroup>
    <Filter Include="Src">
      <UniqueIdentifier>{c9a85b29-b42f-4194-b000-47ccd5dd28cb}</UniqueIdentifier>
    </Filter>
    <Filter Include="Src\Algs">
      <UniqueIdentifier>{f074fb2f-e1a8-4668-a960-ddc069f8e80a}</UniqueIdentifier>
    </Filter>
    <Filter Include="Src\Vendor">
      <UniqueIdentifier>{a94a15cf-0c15-4d61-8bdb-23893aaef750}</UniqueIdentifier>
    </Filter>
    <Filter Include="Src\SDPs">
      <UniqueIdentifier>{065defeb-f547-47eb-a7aa-0dab2e912e15}</UniqueIdentifier>
    </Filter>
    <Filter Include="Src\App">
      <UniqueIdentifier>{d4243796-2158-49dd-a518-037a5a1dc40c}</UniqueIdentifier>
    </Filter>
  </ItemGroup>
</Project>